// !$*UTF8*$!
{
	archiveVersion = 1;
	classes = {
	};
	objectVersion = 46;
	objects = {

/* Begin PBXBuildFile section */
		23F601661BDE7AC900DC17A3 /* AppDelegate.swift in Sources */ = {isa = PBXBuildFile; fileRef = 23F601651BDE7AC900DC17A3 /* AppDelegate.swift */; };
		23F601681BDE7AC900DC17A3 /* ViewController.swift in Sources */ = {isa = PBXBuildFile; fileRef = 23F601671BDE7AC900DC17A3 /* ViewController.swift */; };
		23F6016B1BDE7AC900DC17A3 /* Main.storyboard in Resources */ = {isa = PBXBuildFile; fileRef = 23F601691BDE7AC900DC17A3 /* Main.storyboard */; };
		23F6016D1BDE7AC900DC17A3 /* Assets.xcassets in Resources */ = {isa = PBXBuildFile; fileRef = 23F6016C1BDE7AC900DC17A3 /* Assets.xcassets */; };
		23F601701BDE7AC900DC17A3 /* LaunchScreen.storyboard in Resources */ = {isa = PBXBuildFile; fileRef = 23F6016E1BDE7AC900DC17A3 /* LaunchScreen.storyboard */; };
		23F6017B1BDE7AC900DC17A3 /* fizzBuzzTests.swift in Sources */ = {isa = PBXBuildFile; fileRef = 23F6017A1BDE7AC900DC17A3 /* fizzBuzzTests.swift */; };
		23F601861BDE7AC900DC17A3 /* fizzBuzzUITests.swift in Sources */ = {isa = PBXBuildFile; fileRef = 23F601851BDE7AC900DC17A3 /* fizzBuzzUITests.swift */; };
/* End PBXBuildFile section */

/* Begin PBXContainerItemProxy section */
		23F601771BDE7AC900DC17A3 /* PBXContainerItemProxy */ = {
			isa = PBXContainerItemProxy;
			containerPortal = 23F6015A1BDE7AC900DC17A3 /* Project object */;
			proxyType = 1;
			remoteGlobalIDString = 23F601611BDE7AC900DC17A3;
			remoteInfo = fizzBuzz;
		};
		23F601821BDE7AC900DC17A3 /* PBXContainerItemProxy */ = {
			isa = PBXContainerItemProxy;
			containerPortal = 23F6015A1BDE7AC900DC17A3 /* Project object */;
			proxyType = 1;
			remoteGlobalIDString = 23F601611BDE7AC900DC17A3;
			remoteInfo = fizzBuzz;
		};
/* End PBXContainerItemProxy section */

/* Begin PBXFileReference section */
		23F601621BDE7AC900DC17A3 /* fizzBuzz.app */ = {isa = PBXFileReference; explicitFileType = wrapper.application; includeInIndex = 0; path = fizzBuzz.app; sourceTree = BUILT_PRODUCTS_DIR; };
		23F601651BDE7AC900DC17A3 /* AppDelegate.swift */ = {isa = PBXFileReference; lastKnownFileType = sourcecode.swift; path = AppDelegate.swift; sourceTree = "<group>"; };
		23F601671BDE7AC900DC17A3 /* ViewController.swift */ = {isa = PBXFileReference; lastKnownFileType = sourcecode.swift; path = ViewController.swift; sourceTree = "<group>"; };
		23F6016A1BDE7AC900DC17A3 /* Base */ = {isa = PBXFileReference; lastKnownFileType = file.storyboard; name = Base; path = Base.lproj/Main.storyboard; sourceTree = "<group>"; };
		23F6016C1BDE7AC900DC17A3 /* Assets.xcassets */ = {isa = PBXFileReference; lastKnownFileType = folder.assetcatalog; path = Assets.xcassets; sourceTree = "<group>"; };
		23F6016F1BDE7AC900DC17A3 /* Base */ = {isa = PBXFileReference; lastKnownFileType = file.storyboard; name = Base; path = Base.lproj/LaunchScreen.storyboard; sourceTree = "<group>"; };
		23F601711BDE7AC900DC17A3 /* Info.plist */ = {isa = PBXFileReference; lastKnownFileType = text.plist.xml; path = Info.plist; sourceTree = "<group>"; };
		23F601761BDE7AC900DC17A3 /* fizzBuzzTests.xctest */ = {isa = PBXFileReference; explicitFileType = wrapper.cfbundle; includeInIndex = 0; path = fizzBuzzTests.xctest; sourceTree = BUILT_PRODUCTS_DIR; };
		23F6017A1BDE7AC900DC17A3 /* fizzBuzzTests.swift */ = {isa = PBXFileReference; lastKnownFileType = sourcecode.swift; path = fizzBuzzTests.swift; sourceTree = "<group>"; };
		23F6017C1BDE7AC900DC17A3 /* Info.plist */ = {isa = PBXFileReference; lastKnownFileType = text.plist.xml; path = Info.plist; sourceTree = "<group>"; };
		23F601811BDE7AC900DC17A3 /* fizzBuzzUITests.xctest */ = {isa = PBXFileReference; explicitFileType = wrapper.cfbundle; includeInIndex = 0; path = fizzBuzzUITests.xctest; sourceTree = BUILT_PRODUCTS_DIR; };
		23F601851BDE7AC900DC17A3 /* fizzBuzzUITests.swift */ = {isa = PBXFileReference; lastKnownFileType = sourcecode.swift; path = fizzBuzzUITests.swift; sourceTree = "<group>"; };
		23F601871BDE7AC900DC17A3 /* Info.plist */ = {isa = PBXFileReference; lastKnownFileType = text.plist.xml; path = Info.plist; sourceTree = "<group>"; };
/* End PBXFileReference section */

/* Begin PBXFrameworksBuildPhase section */
		23F6015F1BDE7AC900DC17A3 /* Frameworks */ = {
			isa = PBXFrameworksBuildPhase;
			buildActionMask = 2147483647;
			files = (
			);
			runOnlyForDeploymentPostprocessing = 0;
		};
		23F601731BDE7AC900DC17A3 /* Frameworks */ = {
			isa = PBXFrameworksBuildPhase;
			buildActionMask = 2147483647;
			files = (
			);
			runOnlyForDeploymentPostprocessing = 0;
		};
		23F6017E1BDE7AC900DC17A3 /* Frameworks */ = {
			isa = PBXFrameworksBuildPhase;
			buildActionMask = 2147483647;
			files = (
			);
			runOnlyForDeploymentPostprocessing = 0;
		};
/* End PBXFrameworksBuildPhase section */

/* Begin PBXGroup section */
		23F601591BDE7AC900DC17A3 = {
			isa = PBXGroup;
			children = (
				23F601641BDE7AC900DC17A3 /* fizzBuzz */,
				23F601791BDE7AC900DC17A3 /* fizzBuzzTests */,
				23F601841BDE7AC900DC17A3 /* fizzBuzzUITests */,
				23F601631BDE7AC900DC17A3 /* Products */,
			);
			sourceTree = "<group>";
		};
		23F601631BDE7AC900DC17A3 /* Products */ = {
			isa = PBXGroup;
			children = (
				23F601621BDE7AC900DC17A3 /* fizzBuzz.app */,
				23F601761BDE7AC900DC17A3 /* fizzBuzzTests.xctest */,
				23F601811BDE7AC900DC17A3 /* fizzBuzzUITests.xctest */,
			);
			name = Products;
			sourceTree = "<group>";
		};
		23F601641BDE7AC900DC17A3 /* fizzBuzz */ = {
			isa = PBXGroup;
			children = (
				23F601651BDE7AC900DC17A3 /* AppDelegate.swift */,
				23F601671BDE7AC900DC17A3 /* ViewController.swift */,
				23F601691BDE7AC900DC17A3 /* Main.storyboard */,
				23F6016C1BDE7AC900DC17A3 /* Assets.xcassets */,
				23F6016E1BDE7AC900DC17A3 /* LaunchScreen.storyboard */,
				23F601711BDE7AC900DC17A3 /* Info.plist */,
			);
			path = fizzBuzz;
			sourceTree = "<group>";
		};
		23F601791BDE7AC900DC17A3 /* fizzBuzzTests */ = {
			isa = PBXGroup;
			children = (
				23F6017A1BDE7AC900DC17A3 /* fizzBuzzTests.swift */,
				23F6017C1BDE7AC900DC17A3 /* Info.plist */,
			);
			path = fizzBuzzTests;
			sourceTree = "<group>";
		};
		23F601841BDE7AC900DC17A3 /* fizzBuzzUITests */ = {
			isa = PBXGroup;
			children = (
				23F601851BDE7AC900DC17A3 /* fizzBuzzUITests.swift */,
				23F601871BDE7AC900DC17A3 /* Info.plist */,
			);
			path = fizzBuzzUITests;
			sourceTree = "<group>";
		};
/* End PBXGroup section */

/* Begin PBXNativeTarget section */
		23F601611BDE7AC900DC17A3 /* fizzBuzz */ = {
			isa = PBXNativeTarget;
			buildConfigurationList = 23F6018A1BDE7AC900DC17A3 /* Build configuration list for PBXNativeTarget "fizzBuzz" */;
			buildPhases = (
				23F6015E1BDE7AC900DC17A3 /* Sources */,
				23F6015F1BDE7AC900DC17A3 /* Frameworks */,
				23F601601BDE7AC900DC17A3 /* Resources */,
			);
			buildRules = (
			);
			dependencies = (
			);
			name = fizzBuzz;
			productName = fizzBuzz;
			productReference = 23F601621BDE7AC900DC17A3 /* fizzBuzz.app */;
			productType = "com.apple.product-type.application";
		};
		23F601751BDE7AC900DC17A3 /* fizzBuzzTests */ = {
			isa = PBXNativeTarget;
			buildConfigurationList = 23F6018D1BDE7AC900DC17A3 /* Build configuration list for PBXNativeTarget "fizzBuzzTests" */;
			buildPhases = (
				23F601721BDE7AC900DC17A3 /* Sources */,
				23F601731BDE7AC900DC17A3 /* Frameworks */,
				23F601741BDE7AC900DC17A3 /* Resources */,
			);
			buildRules = (
			);
			dependencies = (
				23F601781BDE7AC900DC17A3 /* PBXTargetDependency */,
			);
			name = fizzBuzzTests;
			productName = fizzBuzzTests;
			productReference = 23F601761BDE7AC900DC17A3 /* fizzBuzzTests.xctest */;
			productType = "com.apple.product-type.bundle.unit-test";
		};
		23F601801BDE7AC900DC17A3 /* fizzBuzzUITests */ = {
			isa = PBXNativeTarget;
			buildConfigurationList = 23F601901BDE7AC900DC17A3 /* Build configuration list for PBXNativeTarget "fizzBuzzUITests" */;
			buildPhases = (
				23F6017D1BDE7AC900DC17A3 /* Sources */,
				23F6017E1BDE7AC900DC17A3 /* Frameworks */,
				23F6017F1BDE7AC900DC17A3 /* Resources */,
			);
			buildRules = (
			);
			dependencies = (
				23F601831BDE7AC900DC17A3 /* PBXTargetDependency */,
			);
			name = fizzBuzzUITests;
			productName = fizzBuzzUITests;
			productReference = 23F601811BDE7AC900DC17A3 /* fizzBuzzUITests.xctest */;
			productType = "com.apple.product-type.bundle.ui-testing";
		};
/* End PBXNativeTarget section */

/* Begin PBXProject section */
		23F6015A1BDE7AC900DC17A3 /* Project object */ = {
			isa = PBXProject;
			attributes = {
				LastUpgradeCheck = 0700;
				ORGANIZATIONNAME = "George Royce";
				TargetAttributes = {
					23F601611BDE7AC900DC17A3 = {
						CreatedOnToolsVersion = 7.0;
					};
					23F601751BDE7AC900DC17A3 = {
						CreatedOnToolsVersion = 7.0;
						TestTargetID = 23F601611BDE7AC900DC17A3;
					};
					23F601801BDE7AC900DC17A3 = {
						CreatedOnToolsVersion = 7.0;
						TestTargetID = 23F601611BDE7AC900DC17A3;
					};
				};
			};
			buildConfigurationList = 23F6015D1BDE7AC900DC17A3 /* Build configuration list for PBXProject "fizzBuzz" */;
			compatibilityVersion = "Xcode 3.2";
			developmentRegion = English;
			hasScannedForEncodings = 0;
			knownRegions = (
				en,
				Base,
			);
			mainGroup = 23F601591BDE7AC900DC17A3;
			productRefGroup = 23F601631BDE7AC900DC17A3 /* Products */;
			projectDirPath = "";
			projectRoot = "";
			targets = (
				23F601611BDE7AC900DC17A3 /* fizzBuzz */,
				23F601751BDE7AC900DC17A3 /* fizzBuzzTests */,
				23F601801BDE7AC900DC17A3 /* fizzBuzzUITests */,
			);
		};
/* End PBXProject section */

/* Begin PBXResourcesBuildPhase section */
		23F601601BDE7AC900DC17A3 /* Resources */ = {
			isa = PBXResourcesBuildPhase;
			buildActionMask = 2147483647;
			files = (
				23F601701BDE7AC900DC17A3 /* LaunchScreen.storyboard in Resources */,
				23F6016D1BDE7AC900DC17A3 /* Assets.xcassets in Resources */,
				23F6016B1BDE7AC900DC17A3 /* Main.storyboard in Resources */,
			);
			runOnlyForDeploymentPostprocessing = 0;
		};
		23F601741BDE7AC900DC17A3 /* Resources */ = {
			isa = PBXResourcesBuildPhase;
			buildActionMask = 2147483647;
			files = (
			);
			runOnlyForDeploymentPostprocessing = 0;
		};
		23F6017F1BDE7AC900DC17A3 /* Resources */ = {
			isa = PBXResourcesBuildPhase;
			buildActionMask = 2147483647;
			files = (
			);
			runOnlyForDeploymentPostprocessing = 0;
		};
/* End PBXResourcesBuildPhase section */

/* Begin PBXSourcesBuildPhase section */
		23F6015E1BDE7AC900DC17A3 /* Sources */ = {
			isa = PBXSourcesBuildPhase;
			buildActionMask = 2147483647;
			files = (
				23F601681BDE7AC900DC17A3 /* ViewController.swift in Sources */,
				23F601661BDE7AC900DC17A3 /* AppDelegate.swift in Sources */,
			);
			runOnlyForDeploymentPostprocessing = 0;
		};
		23F601721BDE7AC900DC17A3 /* Sources */ = {
			isa = PBXSourcesBuildPhase;
			buildActionMask = 2147483647;
			files = (
				23F6017B1BDE7AC900DC17A3 /* fizzBuzzTests.swift in Sources */,
			);
			runOnlyForDeploymentPostprocessing = 0;
		};
		23F6017D1BDE7AC900DC17A3 /* Sources */ = {
			isa = PBXSourcesBuildPhase;
			buildActionMask = 2147483647;
			files = (
				23F601861BDE7AC900DC17A3 /* fizzBuzzUITests.swift in Sources */,
			);
			runOnlyForDeploymentPostprocessing = 0;
		};
/* End PBXSourcesBuildPhase section */

/* Begin PBXTargetDependency section */
		23F601781BDE7AC900DC17A3 /* PBXTargetDependency */ = {
			isa = PBXTargetDependency;
			target = 23F601611BDE7AC900DC17A3 /* fizzBuzz */;
			targetProxy = 23F601771BDE7AC900DC17A3 /* PBXContainerItemProxy */;
		};
		23F601831BDE7AC900DC17A3 /* PBXTargetDependency */ = {
			isa = PBXTargetDependency;
			target = 23F601611BDE7AC900DC17A3 /* fizzBuzz */;
			targetProxy = 23F601821BDE7AC900DC17A3 /* PBXContainerItemProxy */;
		};
/* End PBXTargetDependency section */

/* Begin PBXVariantGroup section */
		23F601691BDE7AC900DC17A3 /* Main.storyboard */ = {
			isa = PBXVariantGroup;
			children = (
				23F6016A1BDE7AC900DC17A3 /* Base */,
			);
			name = Main.storyboard;
			sourceTree = "<group>";
		};
		23F6016E1BDE7AC900DC17A3 /* LaunchScreen.storyboard */ = {
			isa = PBXVariantGroup;
			children = (
				23F6016F1BDE7AC900DC17A3 /* Base */,
			);
			name = LaunchScreen.storyboard;
			sourceTree = "<group>";
		};
/* End PBXVariantGroup section */

/* Begin XCBuildConfiguration section */
		23F601881BDE7AC900DC17A3 /* Debug */ = {
			isa = XCBuildConfiguration;
			buildSettings = {
				ALWAYS_SEARCH_USER_PATHS = NO;
				CLANG_CXX_LANGUAGE_STANDARD = "gnu++0x";
				CLANG_CXX_LIBRARY = "libc++";
				CLANG_ENABLE_MODULES = YES;
				CLANG_ENABLE_OBJC_ARC = YES;
				CLANG_WARN_BOOL_CONVERSION = YES;
				CLANG_WARN_CONSTANT_CONVERSION = YES;
				CLANG_WARN_DIRECT_OBJC_ISA_USAGE = YES_ERROR;
				CLANG_WARN_EMPTY_BODY = YES;
				CLANG_WARN_ENUM_CONVERSION = YES;
				CLANG_WARN_INT_CONVERSION = YES;
				CLANG_WARN_OBJC_ROOT_CLASS = YES_ERROR;
				CLANG_WARN_UNREACHABLE_CODE = YES;
				CLANG_WARN__DUPLICATE_METHOD_MATCH = YES;
				"CODE_SIGN_IDENTITY[sdk=iphoneos*]" = "iPhone Developer";
				COPY_PHASE_STRIP = NO;
				DEBUG_INFORMATION_FORMAT = dwarf;
				ENABLE_STRICT_OBJC_MSGSEND = YES;
				ENABLE_TESTABILITY = YES;
				GCC_C_LANGUAGE_STANDARD = gnu99;
				GCC_DYNAMIC_NO_PIC = NO;
				GCC_NO_COMMON_BLOCKS = YES;
				GCC_OPTIMIZATION_LEVEL = 0;
				GCC_PREPROCESSOR_DEFINITIONS = (
					"DEBUG=1",
					"$(inherited)",
				);
				GCC_WARN_64_TO_32_BIT_CONVERSION = YES;
				GCC_WARN_ABOUT_RETURN_TYPE = YES_ERROR;
				GCC_WARN_UNDECLARED_SELECTOR = YES;
				GCC_WARN_UNINITIALIZED_AUTOS = YES_AGGRESSIVE;
				GCC_WARN_UNUSED_FUNCTION = YES;
				GCC_WARN_UNUSED_VARIABLE = YES;
				IPHONEOS_DEPLOYMENT_TARGET = 9.0;
				MTL_ENABLE_DEBUG_INFO = YES;
				ONLY_ACTIVE_ARCH = YES;
				SDKROOT = iphoneos;
				SWIFT_OPTIMIZATION_LEVEL = "-Onone";
			};
			name = Debug;
		};
		23F601891BDE7AC900DC17A3 /* Release */ = {
			isa = XCBuildConfiguration;
			buildSettings = {
				ALWAYS_SEARCH_USER_PATHS = NO;
				CLANG_CXX_LANGUAGE_STANDARD = "gnu++0x";
				CLANG_CXX_LIBRARY = "libc++";
				CLANG_ENABLE_MODULES = YES;
				CLANG_ENABLE_OBJC_ARC = YES;
				CLANG_WARN_BOOL_CONVERSION = YES;
				CLANG_WARN_CONSTANT_CONVERSION = YES;
				CLANG_WARN_DIRECT_OBJC_ISA_USAGE = YES_ERROR;
				CLANG_WARN_EMPTY_BODY = YES;
				CLANG_WARN_ENUM_CONVERSION = YES;
				CLANG_WARN_INT_CONVERSION = YES;
				CLANG_WARN_OBJC_ROOT_CLASS = YES_ERROR;
				CLANG_WARN_UNREACHABLE_CODE = YES;
				CLANG_WARN__DUPLICATE_METHOD_MATCH = YES;
				"CODE_SIGN_IDENTITY[sdk=iphoneos*]" = "iPhone Developer";
				COPY_PHASE_STRIP = NO;
				DEBUG_INFORMATION_FORMAT = "dwarf-with-dsym";
				ENABLE_NS_ASSERTIONS = NO;
				ENABLE_STRICT_OBJC_MSGSEND = YES;
				GCC_C_LANGUAGE_STANDARD = gnu99;
				GCC_NO_COMMON_BLOCKS = YES;
				GCC_WARN_64_TO_32_BIT_CONVERSION = YES;
				GCC_WARN_ABOUT_RETURN_TYPE = YES_ERROR;
				GCC_WARN_UNDECLARED_SELECTOR = YES;
				GCC_WARN_UNINITIALIZED_AUTOS = YES_AGGRESSIVE;
				GCC_WARN_UNUSED_FUNCTION = YES;
				GCC_WARN_UNUSED_VARIABLE = YES;
				IPHONEOS_DEPLOYMENT_TARGET = 9.0;
				MTL_ENABLE_DEBUG_INFO = NO;
				SDKROOT = iphoneos;
				VALIDATE_PRODUCT = YES;
			};
			name = Release;
		};
		23F6018B1BDE7AC900DC17A3 /* Debug */ = {
			isa = XCBuildConfiguration;
			buildSettings = {
				ASSETCATALOG_COMPILER_APPICON_NAME = AppIcon;
				INFOPLIST_FILE = fizzBuzz/Info.plist;
				LD_RUNPATH_SEARCH_PATHS = "$(inherited) @executable_path/Frameworks";
				PRODUCT_BUNDLE_IDENTIFIER = com.GLR.fizzBuzz;
				PRODUCT_NAME = "$(TARGET_NAME)";
			};
			name = Debug;
		};
		23F6018C1BDE7AC900DC17A3 /* Release */ = {
			isa = XCBuildConfiguration;
			buildSettings = {
				ASSETCATALOG_COMPILER_APPICON_NAME = AppIcon;
				INFOPLIST_FILE = fizzBuzz/Info.plist;
				LD_RUNPATH_SEARCH_PATHS = "$(inherited) @executable_path/Frameworks";
				PRODUCT_BUNDLE_IDENTIFIER = com.GLR.fizzBuzz;
				PRODUCT_NAME = "$(TARGET_NAME)";
			};
			name = Release;
		};
		23F6018E1BDE7AC900DC17A3 /* Debug */ = {
			isa = XCBuildConfiguration;
			buildSettings = {
				BUNDLE_LOADER = "$(TEST_HOST)";
				INFOPLIST_FILE = fizzBuzzTests/Info.plist;
				LD_RUNPATH_SEARCH_PATHS = "$(inherited) @executable_path/Frameworks @loader_path/Frameworks";
				PRODUCT_BUNDLE_IDENTIFIER = com.GLR.fizzBuzzTests;
				PRODUCT_NAME = "$(TARGET_NAME)";
				TEST_HOST = "$(BUILT_PRODUCTS_DIR)/fizzBuzz.app/fizzBuzz";
			};
			name = Debug;
		};
		23F6018F1BDE7AC900DC17A3 /* Release */ = {
			isa = XCBuildConfiguration;
			buildSettings = {
				BUNDLE_LOADER = "$(TEST_HOST)";
				INFOPLIST_FILE = fizzBuzzTests/Info.plist;
				LD_RUNPATH_SEARCH_PATHS = "$(inherited) @executable_path/Frameworks @loader_path/Frameworks";
				PRODUCT_BUNDLE_IDENTIFIER = com.GLR.fizzBuzzTests;
				PRODUCT_NAME = "$(TARGET_NAME)";
				TEST_HOST = "$(BUILT_PRODUCTS_DIR)/fizzBuzz.app/fizzBuzz";
			};
			name = Release;
		};
		23F601911BDE7AC900DC17A3 /* Debug */ = {
			isa = XCBuildConfiguration;
			buildSettings = {
				INFOPLIST_FILE = fizzBuzzUITests/Info.plist;
				LD_RUNPATH_SEARCH_PATHS = "$(inherited) @executable_path/Frameworks @loader_path/Frameworks";
				PRODUCT_BUNDLE_IDENTIFIER = com.GLR.fizzBuzzUITests;
				PRODUCT_NAME = "$(TARGET_NAME)";
				TEST_TARGET_NAME = fizzBuzz;
				USES_XCTRUNNER = YES;
			};
			name = Debug;
		};
		23F601921BDE7AC900DC17A3 /* Release */ = {
			isa = XCBuildConfiguration;
			buildSettings = {
				INFOPLIST_FILE = fizzBuzzUITests/Info.plist;
				LD_RUNPATH_SEARCH_PATHS = "$(inherited) @executable_path/Frameworks @loader_path/Frameworks";
				PRODUCT_BUNDLE_IDENTIFIER = com.GLR.fizzBuzzUITests;
				PRODUCT_NAME = "$(TARGET_NAME)";
				TEST_TARGET_NAME = fizzBuzz;
				USES_XCTRUNNER = YES;
			};
			name = Release;
		};
/* End XCBuildConfiguration section */

/* Begin XCConfigurationList section */
		23F6015D1BDE7AC900DC17A3 /* Build configuration list for PBXProject "fizzBuzz" */ = {
			isa = XCConfigurationList;
			buildConfigurations = (
				23F601881BDE7AC900DC17A3 /* Debug */,
				23F601891BDE7AC900DC17A3 /* Release */,
			);
			defaultConfigurationIsVisible = 0;
			defaultConfigurationName = Release;
		};
		23F6018A1BDE7AC900DC17A3 /* Build configuration list for PBXNativeTarget "fizzBuzz" */ = {
			isa = XCConfigurationList;
			buildConfigurations = (
				23F6018B1BDE7AC900DC17A3 /* Debug */,
				23F6018C1BDE7AC900DC17A3 /* Release */,
			);
			defaultConfigurationIsVisible = 0;
		};
		23F6018D1BDE7AC900DC17A3 /* Build configuration list for PBXNativeTarget "fizzBuzzTests" */ = {
			isa = XCConfigurationList;
			buildConfigurations = (
				23F6018E1BDE7AC900DC17A3 /* Debug */,
				23F6018F1BDE7AC900DC17A3 /* Release */,
			);
			defaultConfigurationIsVisible = 0;
		};
		23F601901BDE7AC900DC17A3 /* Build configuration list for PBXNativeTarget "fizzBuzzUITests" */ = {
			isa = XCConfigurationList;
			buildConfigurations = (
				23F601911BDE7AC900DC17A3 /* Debug */,
				23F601921BDE7AC900DC17A3 /* Release */,
			);
			defaultConfigurationIsVisible = 0;
		};
/* End XCConfigurationList section */
	};
	rootObject = 23F6015A1BDE7AC900DC17A3 /* Project object */;
}
